<Solution>
  <Folder Name="/src/">
    <Project Path="src/AiObs.Abstractions/AiObs.Abstractions.csproj" />
    <Project Path="src/AiObs.Core/AiObs.Core.csproj" />
    <Project Path="src/AiObs.Postgres/AiObs.Postgres.csproj" />
  </Folder>
  <Folder Name="/tests/">
    <Project Path="tests/AiObs.Core.Tests/AiObs.Core.Tests.csproj" />
  </Folder>
</Solution>
